{
  "originHash" : "b22fe1ff9da13ba0c5739cb89b8da8951840d91f570e7780a3feb9a62c6c9b32",
  "pins" : [
    {
      "identity" : "rxkeyboard",
      "kind" : "remoteSourceControl",
      "location" : "https://github.com/RxSwiftCommunity/RxKeyboard",
      "state" : {
        "revision" : "63f6377975c962a1d89f012a6f1e5bebb2c502b7",
        "version" : "2.0.1"
      }
    },
    {
      "identity" : "rxswift",
      "kind" : "remoteSourceControl",
      "location" : "https://github.com/ReactiveX/RxSwift.git",
      "state" : {
        "revision" : "5004a18539bd68905c5939aa893075f578f4f03d",
        "version" : "6.9.1"
      }
    },
    {
      "identity" : "snapkit",
      "kind" : "remoteSourceControl",
      "location" : "https://github.com/SnapKit/SnapKit.git",
      "state" : {
        "revision" : "2842e6e84e82eb9a8dac0100ca90d9444b0307f4",
        "version" : "5.7.1"
      }
    }
  ],
  "version" : 3
}
